// !$*UTF8*$!
{
	archiveVersion = 1;
	classes = {
	};
	objectVersion = 55;
	objects = {

/* Begin PBXBuildFile section */
		601AD101290B0CB100CFF7D0 /* Defaults.swift in Sources */ = {isa = PBXBuildFile; fileRef = 601AD100290B0CB100CFF7D0 /* Defaults.swift */; };
		602B046228EC8A0200BDEB3F /* TimeManagerLocal.swift in Sources */ = {isa = PBXBuildFile; fileRef = 602B046128EC8A0200BDEB3F /* TimeManagerLocal.swift */; };
		603C854E2901690D00368288 /* PlayerDetailsVC.swift in Sources */ = {isa = PBXBuildFile; fileRef = 603C854D2901690D00368288 /* PlayerDetailsVC.swift */; };
		603C855029016E9400368288 /* ContainerView.swift in Sources */ = {isa = PBXBuildFile; fileRef = 603C854F29016E9400368288 /* ContainerView.swift */; };
		604D924E28DEFCFC0054934C /* TrainingVC.swift in Sources */ = {isa = PBXBuildFile; fileRef = 604D924D28DEFCFC0054934C /* TrainingVC.swift */; };
		604EC0DD28DB678F00F0D344 /* MBImageView.swift in Sources */ = {isa = PBXBuildFile; fileRef = 604EC0DC28DB678F00F0D344 /* MBImageView.swift */; };
		604EC0E028DB686200F0D344 /* Images.swift in Sources */ = {isa = PBXBuildFile; fileRef = 604EC0DF28DB686200F0D344 /* Images.swift */; };
		604EC0E228DB6A9200F0D344 /* Constants.swift in Sources */ = {isa = PBXBuildFile; fileRef = 604EC0E128DB6A9200F0D344 /* Constants.swift */; };
		604EC0E528DB72FF00F0D344 /* Boxer.swift in Sources */ = {isa = PBXBuildFile; fileRef = 604EC0E428DB72FF00F0D344 /* Boxer.swift */; };
		604EC0E728DB74C300F0D344 /* MBProgressView.swift in Sources */ = {isa = PBXBuildFile; fileRef = 604EC0E628DB74C300F0D344 /* MBProgressView.swift */; };
		605BD4EE28DB5F9D0026C185 /* AppDelegate.swift in Sources */ = {isa = PBXBuildFile; fileRef = 605BD4ED28DB5F9D0026C185 /* AppDelegate.swift */; };
		605BD4F028DB5F9D0026C185 /* SceneDelegate.swift in Sources */ = {isa = PBXBuildFile; fileRef = 605BD4EF28DB5F9D0026C185 /* SceneDelegate.swift */; };
		605BD4F728DB5FA60026C185 /* Assets.xcassets in Resources */ = {isa = PBXBuildFile; fileRef = 605BD4F628DB5FA60026C185 /* Assets.xcassets */; };
		605BD4FA28DB5FA60026C185 /* LaunchScreen.storyboard in Resources */ = {isa = PBXBuildFile; fileRef = 605BD4F828DB5FA60026C185 /* LaunchScreen.storyboard */; };
		605BD50228DB62FB0026C185 /* HomeViewController.swift in Sources */ = {isa = PBXBuildFile; fileRef = 605BD50128DB62FB0026C185 /* HomeViewController.swift */; };
		6062CCE428FEF0C90089ED9E /* TeamMemberCell.swift in Sources */ = {isa = PBXBuildFile; fileRef = 6062CCE328FEF0C90089ED9E /* TeamMemberCell.swift */; };
		6062CCEA28FF044C0089ED9E /* BoxerRankCell.swift in Sources */ = {isa = PBXBuildFile; fileRef = 6062CCE928FF044C0089ED9E /* BoxerRankCell.swift */; };
		6062CCEC28FF07B70089ED9E /* RankVC.swift in Sources */ = {isa = PBXBuildFile; fileRef = 6062CCEB28FF07B70089ED9E /* RankVC.swift */; };
		60651D342917E10200CC75A4 /* FightingHitCell.swift in Sources */ = {isa = PBXBuildFile; fileRef = 60651D332917E10200CC75A4 /* FightingHitCell.swift */; };
		60651D362917E5BB00CC75A4 /* Attack.swift in Sources */ = {isa = PBXBuildFile; fileRef = 60651D352917E5BB00CC75A4 /* Attack.swift */; };
		6087257628F86A43005E4296 /* college.ttf in Resources */ = {isa = PBXBuildFile; fileRef = 6087257528F86A43005E4296 /* college.ttf */; };
		6087257828F872A0005E4296 /* MBShopMenu.swift in Sources */ = {isa = PBXBuildFile; fileRef = 6087257728F872A0005E4296 /* MBShopMenu.swift */; };
		6087257F28F88054005E4296 /* MBCategoriesButton.swift in Sources */ = {isa = PBXBuildFile; fileRef = 6087257E28F88054005E4296 /* MBCategoriesButton.swift */; };
		608867BF28F5C7BC003C8F78 /* Item.swift in Sources */ = {isa = PBXBuildFile; fileRef = 608867BE28F5C7BC003C8F78 /* Item.swift */; };
		608FCC6A291E77DB00DB14C9 /* AlertVC.swift in Sources */ = {isa = PBXBuildFile; fileRef = 608FCC69291E77DB00DB14C9 /* AlertVC.swift */; };
		609FFAC128F48F1C00B31C2D /* ShopVC.swift in Sources */ = {isa = PBXBuildFile; fileRef = 609FFAC028F48F1B00B31C2D /* ShopVC.swift */; };
		609FFAC328F4949700B31C2D /* ShopItemCell.swift in Sources */ = {isa = PBXBuildFile; fileRef = 609FFAC228F4949700B31C2D /* ShopItemCell.swift */; };
		60A92438292E807B003CE440 /* StatView.swift in Sources */ = {isa = PBXBuildFile; fileRef = 60A92437292E807B003CE440 /* StatView.swift */; };
		60ADD49C2B584480001C16DD /* HomeView.swift in Sources */ = {isa = PBXBuildFile; fileRef = 60ADD49B2B584480001C16DD /* HomeView.swift */; };
		60B93FBB29351ACC000A50A6 /* RankManager.swift in Sources */ = {isa = PBXBuildFile; fileRef = 60B93FBA29351ACC000A50A6 /* RankManager.swift */; };
		60C21AD92915418100721BD0 /* FightingVC.swift in Sources */ = {isa = PBXBuildFile; fileRef = 60C21AD82915418100721BD0 /* FightingVC.swift */; };
		60E134722927E2880032B292 /* Member.swift in Sources */ = {isa = PBXBuildFile; fileRef = 60E134712927E2880032B292 /* Member.swift */; };
		60E3AACB2908599600D8D025 /* Opponent.swift in Sources */ = {isa = PBXBuildFile; fileRef = 60E3AACA2908599600D8D025 /* Opponent.swift */; };
		60E3AACD290859A400D8D025 /* Player.swift in Sources */ = {isa = PBXBuildFile; fileRef = 60E3AACC290859A400D8D025 /* Player.swift */; };
		60E59FB028DE2893007BBE81 /* MBHomeButton.swift in Sources */ = {isa = PBXBuildFile; fileRef = 60E59FAF28DE2892007BBE81 /* MBHomeButton.swift */; };
		60E59FB328DE2E14007BBE81 /* UIViewExtension.swift in Sources */ = {isa = PBXBuildFile; fileRef = 60E59FB228DE2E14007BBE81 /* UIViewExtension.swift */; };
		60EDB89728E8B7AD00EF9747 /* MBLabel.swift in Sources */ = {isa = PBXBuildFile; fileRef = 60EDB89628E8B7AD00EF9747 /* MBLabel.swift */; };
		60EDB89928E8C71D00EF9747 /* SingleStatView.swift in Sources */ = {isa = PBXBuildFile; fileRef = 60EDB89828E8C71D00EF9747 /* SingleStatView.swift */; };
		60EFAF6628E635080011E2E8 /* OpponentsVC.swift in Sources */ = {isa = PBXBuildFile; fileRef = 60EFAF6528E635080011E2E8 /* OpponentsVC.swift */; };
		60EFAF6828E635C20011E2E8 /* OpponentCell.swift in Sources */ = {isa = PBXBuildFile; fileRef = 60EFAF6728E635C20011E2E8 /* OpponentCell.swift */; };
		60F0D23128FC75F700485EDC /* TeamVC.swift in Sources */ = {isa = PBXBuildFile; fileRef = 60F0D23028FC75F700485EDC /* TeamVC.swift */; };
		60F0D23328FC774500485EDC /* MBTeamMenu.swift in Sources */ = {isa = PBXBuildFile; fileRef = 60F0D23228FC774500485EDC /* MBTeamMenu.swift */; };
		60F1F0A028E3507C0018AC4B /* TrainingCell.swift in Sources */ = {isa = PBXBuildFile; fileRef = 60F1F09F28E3507C0018AC4B /* TrainingCell.swift */; };
		60F1F0A228E356860018AC4B /* Training.swift in Sources */ = {isa = PBXBuildFile; fileRef = 60F1F0A128E356860018AC4B /* Training.swift */; };
/* End PBXBuildFile section */

/* Begin PBXFileReference section */
		601AD100290B0CB100CFF7D0 /* Defaults.swift */ = {isa = PBXFileReference; lastKnownFileType = sourcecode.swift; path = Defaults.swift; sourceTree = "<group>"; };
		602B046128EC8A0200BDEB3F /* TimeManagerLocal.swift */ = {isa = PBXFileReference; lastKnownFileType = sourcecode.swift; path = TimeManagerLocal.swift; sourceTree = "<group>"; };
		603C854D2901690D00368288 /* PlayerDetailsVC.swift */ = {isa = PBXFileReference; lastKnownFileType = sourcecode.swift; path = PlayerDetailsVC.swift; sourceTree = "<group>"; };
		603C854F29016E9400368288 /* ContainerView.swift */ = {isa = PBXFileReference; lastKnownFileType = sourcecode.swift; path = ContainerView.swift; sourceTree = "<group>"; };
		604D924D28DEFCFC0054934C /* TrainingVC.swift */ = {isa = PBXFileReference; lastKnownFileType = sourcecode.swift; path = TrainingVC.swift; sourceTree = "<group>"; };
		604EC0DC28DB678F00F0D344 /* MBImageView.swift */ = {isa = PBXFileReference; lastKnownFileType = sourcecode.swift; path = MBImageView.swift; sourceTree = "<group>"; };
		604EC0DF28DB686200F0D344 /* Images.swift */ = {isa = PBXFileReference; lastKnownFileType = sourcecode.swift; path = Images.swift; sourceTree = "<group>"; };
		604EC0E128DB6A9200F0D344 /* Constants.swift */ = {isa = PBXFileReference; lastKnownFileType = sourcecode.swift; path = Constants.swift; sourceTree = "<group>"; };
		604EC0E428DB72FF00F0D344 /* Boxer.swift */ = {isa = PBXFileReference; lastKnownFileType = sourcecode.swift; path = Boxer.swift; sourceTree = "<group>"; };
		604EC0E628DB74C300F0D344 /* MBProgressView.swift */ = {isa = PBXFileReference; lastKnownFileType = sourcecode.swift; path = MBProgressView.swift; sourceTree = "<group>"; };
		605BD4EA28DB5F9D0026C185 /* MyBoxer.app */ = {isa = PBXFileReference; explicitFileType = wrapper.application; includeInIndex = 0; path = MyBoxer.app; sourceTree = BUILT_PRODUCTS_DIR; };
		605BD4ED28DB5F9D0026C185 /* AppDelegate.swift */ = {isa = PBXFileReference; lastKnownFileType = sourcecode.swift; path = AppDelegate.swift; sourceTree = "<group>"; };
		605BD4EF28DB5F9D0026C185 /* SceneDelegate.swift */ = {isa = PBXFileReference; lastKnownFileType = sourcecode.swift; path = SceneDelegate.swift; sourceTree = "<group>"; };
		605BD4F628DB5FA60026C185 /* Assets.xcassets */ = {isa = PBXFileReference; lastKnownFileType = folder.assetcatalog; path = Assets.xcassets; sourceTree = "<group>"; };
		605BD4F928DB5FA60026C185 /* Base */ = {isa = PBXFileReference; lastKnownFileType = file.storyboard; name = Base; path = Base.lproj/LaunchScreen.storyboard; sourceTree = "<group>"; };
		605BD4FB28DB5FA60026C185 /* Info.plist */ = {isa = PBXFileReference; lastKnownFileType = text.plist.xml; path = Info.plist; sourceTree = "<group>"; };
		605BD50128DB62FB0026C185 /* HomeViewController.swift */ = {isa = PBXFileReference; lastKnownFileType = sourcecode.swift; path = HomeViewController.swift; sourceTree = "<group>"; };
		6062CCE328FEF0C90089ED9E /* TeamMemberCell.swift */ = {isa = PBXFileReference; lastKnownFileType = sourcecode.swift; path = TeamMemberCell.swift; sourceTree = "<group>"; };
		6062CCE928FF044C0089ED9E /* BoxerRankCell.swift */ = {isa = PBXFileReference; lastKnownFileType = sourcecode.swift; path = BoxerRankCell.swift; sourceTree = "<group>"; };
		6062CCEB28FF07B70089ED9E /* RankVC.swift */ = {isa = PBXFileReference; lastKnownFileType = sourcecode.swift; path = RankVC.swift; sourceTree = "<group>"; };
		60651D332917E10200CC75A4 /* FightingHitCell.swift */ = {isa = PBXFileReference; lastKnownFileType = sourcecode.swift; path = FightingHitCell.swift; sourceTree = "<group>"; };
		60651D352917E5BB00CC75A4 /* Attack.swift */ = {isa = PBXFileReference; lastKnownFileType = sourcecode.swift; path = Attack.swift; sourceTree = "<group>"; };
		6087257528F86A43005E4296 /* college.ttf */ = {isa = PBXFileReference; lastKnownFileType = file; path = college.ttf; sourceTree = "<group>"; };
		6087257728F872A0005E4296 /* MBShopMenu.swift */ = {isa = PBXFileReference; lastKnownFileType = sourcecode.swift; path = MBShopMenu.swift; sourceTree = "<group>"; };
		6087257E28F88054005E4296 /* MBCategoriesButton.swift */ = {isa = PBXFileReference; lastKnownFileType = sourcecode.swift; path = MBCategoriesButton.swift; sourceTree = "<group>"; };
		608867BE28F5C7BC003C8F78 /* Item.swift */ = {isa = PBXFileReference; lastKnownFileType = sourcecode.swift; path = Item.swift; sourceTree = "<group>"; };
		608FCC69291E77DB00DB14C9 /* AlertVC.swift */ = {isa = PBXFileReference; lastKnownFileType = sourcecode.swift; path = AlertVC.swift; sourceTree = "<group>"; };
		609FFAC028F48F1B00B31C2D /* ShopVC.swift */ = {isa = PBXFileReference; lastKnownFileType = sourcecode.swift; path = ShopVC.swift; sourceTree = "<group>"; };
		609FFAC228F4949700B31C2D /* ShopItemCell.swift */ = {isa = PBXFileReference; lastKnownFileType = sourcecode.swift; path = ShopItemCell.swift; sourceTree = "<group>"; };
		60A92437292E807B003CE440 /* StatView.swift */ = {isa = PBXFileReference; lastKnownFileType = sourcecode.swift; path = StatView.swift; sourceTree = "<group>"; };
		60ADD49B2B584480001C16DD /* HomeView.swift */ = {isa = PBXFileReference; lastKnownFileType = sourcecode.swift; path = HomeView.swift; sourceTree = "<group>"; };
		60B93FBA29351ACC000A50A6 /* RankManager.swift */ = {isa = PBXFileReference; lastKnownFileType = sourcecode.swift; path = RankManager.swift; sourceTree = "<group>"; };
		60C21AD82915418100721BD0 /* FightingVC.swift */ = {isa = PBXFileReference; lastKnownFileType = sourcecode.swift; path = FightingVC.swift; sourceTree = "<group>"; };
		60E134712927E2880032B292 /* Member.swift */ = {isa = PBXFileReference; lastKnownFileType = sourcecode.swift; path = Member.swift; sourceTree = "<group>"; };
		60E3AACA2908599600D8D025 /* Opponent.swift */ = {isa = PBXFileReference; lastKnownFileType = sourcecode.swift; path = Opponent.swift; sourceTree = "<group>"; };
		60E3AACC290859A400D8D025 /* Player.swift */ = {isa = PBXFileReference; lastKnownFileType = sourcecode.swift; path = Player.swift; sourceTree = "<group>"; };
		60E59FAF28DE2892007BBE81 /* MBHomeButton.swift */ = {isa = PBXFileReference; lastKnownFileType = sourcecode.swift; path = MBHomeButton.swift; sourceTree = "<group>"; };
		60E59FB228DE2E14007BBE81 /* UIViewExtension.swift */ = {isa = PBXFileReference; lastKnownFileType = sourcecode.swift; path = UIViewExtension.swift; sourceTree = "<group>"; };
		60EDB89628E8B7AD00EF9747 /* MBLabel.swift */ = {isa = PBXFileReference; lastKnownFileType = sourcecode.swift; path = MBLabel.swift; sourceTree = "<group>"; };
		60EDB89828E8C71D00EF9747 /* SingleStatView.swift */ = {isa = PBXFileReference; lastKnownFileType = sourcecode.swift; path = SingleStatView.swift; sourceTree = "<group>"; };
		60EFAF6528E635080011E2E8 /* OpponentsVC.swift */ = {isa = PBXFileReference; lastKnownFileType = sourcecode.swift; path = OpponentsVC.swift; sourceTree = "<group>"; };
		60EFAF6728E635C20011E2E8 /* OpponentCell.swift */ = {isa = PBXFileReference; lastKnownFileType = sourcecode.swift; path = OpponentCell.swift; sourceTree = "<group>"; };
		60F0D23028FC75F700485EDC /* TeamVC.swift */ = {isa = PBXFileReference; lastKnownFileType = sourcecode.swift; path = TeamVC.swift; sourceTree = "<group>"; };
		60F0D23228FC774500485EDC /* MBTeamMenu.swift */ = {isa = PBXFileReference; lastKnownFileType = sourcecode.swift; path = MBTeamMenu.swift; sourceTree = "<group>"; };
		60F1F09F28E3507C0018AC4B /* TrainingCell.swift */ = {isa = PBXFileReference; lastKnownFileType = sourcecode.swift; path = TrainingCell.swift; sourceTree = "<group>"; };
		60F1F0A128E356860018AC4B /* Training.swift */ = {isa = PBXFileReference; lastKnownFileType = sourcecode.swift; path = Training.swift; sourceTree = "<group>"; };
/* End PBXFileReference section */

/* Begin PBXFrameworksBuildPhase section */
		605BD4E728DB5F9D0026C185 /* Frameworks */ = {
			isa = PBXFrameworksBuildPhase;
			buildActionMask = 2147483647;
			files = (
			);
			runOnlyForDeploymentPostprocessing = 0;
		};
/* End PBXFrameworksBuildPhase section */

/* Begin PBXGroup section */
		604D924C28DEFCB20054934C /* ViewControllers */ = {
			isa = PBXGroup;
			children = (
				60EFAF6528E635080011E2E8 /* OpponentsVC.swift */,
				604D924D28DEFCFC0054934C /* TrainingVC.swift */,
				609FFAC028F48F1B00B31C2D /* ShopVC.swift */,
				60F0D23028FC75F700485EDC /* TeamVC.swift */,
				6062CCEB28FF07B70089ED9E /* RankVC.swift */,
				60C21AD82915418100721BD0 /* FightingVC.swift */,
				608FCC69291E77DB00DB14C9 /* AlertVC.swift */,
			);
			path = ViewControllers;
			sourceTree = "<group>";
		};
		604EC0DB28DB676300F0D344 /* CustomViews */ = {
			isa = PBXGroup;
			children = (
				6087257D28F872EC005E4296 /* Labels */,
				6087257C28F872DE005E4296 /* Views */,
				6087257B28F872C7005E4296 /* ProgressViews */,
				6087257A28F872BD005E4296 /* Buttons */,
				6087257928F872A9005E4296 /* ImageViews */,
				60EDB89A28E8C72200EF9747 /* Cells */,
			);
			path = CustomViews;
			sourceTree = "<group>";
		};
		604EC0DE28DB684B00F0D344 /* Utilities */ = {
			isa = PBXGroup;
			children = (
				604EC0DF28DB686200F0D344 /* Images.swift */,
				604EC0E128DB6A9200F0D344 /* Constants.swift */,
			);
			path = Utilities;
			sourceTree = "<group>";
		};
		604EC0E328DB72F000F0D344 /* Models */ = {
			isa = PBXGroup;
			children = (
				60E134702927E2290032B292 /* Boxer */,
				60F1F0A128E356860018AC4B /* Training.swift */,
				608867BE28F5C7BC003C8F78 /* Item.swift */,
				60651D352917E5BB00CC75A4 /* Attack.swift */,
				60E134712927E2880032B292 /* Member.swift */,
			);
			path = Models;
			sourceTree = "<group>";
		};
		604EC0E828DB761C00F0D344 /* Managers */ = {
			isa = PBXGroup;
			children = (
				602B046128EC8A0200BDEB3F /* TimeManagerLocal.swift */,
				60B93FBA29351ACC000A50A6 /* RankManager.swift */,
			);
			path = Managers;
			sourceTree = "<group>";
		};
		604EC0E928DB867700F0D344 /* Fonts */ = {
			isa = PBXGroup;
			children = (
				6087257528F86A43005E4296 /* college.ttf */,
			);
			path = Fonts;
			sourceTree = "<group>";
		};
		605BD4E128DB5F9D0026C185 = {
			isa = PBXGroup;
			children = (
				605BD4EC28DB5F9D0026C185 /* MyBoxer */,
				605BD4EB28DB5F9D0026C185 /* Products */,
			);
			sourceTree = "<group>";
		};
		605BD4EB28DB5F9D0026C185 /* Products */ = {
			isa = PBXGroup;
			children = (
				605BD4EA28DB5F9D0026C185 /* MyBoxer.app */,
			);
			name = Products;
			sourceTree = "<group>";
		};
		605BD4EC28DB5F9D0026C185 /* MyBoxer */ = {
			isa = PBXGroup;
			children = (
				60ADD4992B584432001C16DD /* Views */,
				604D924C28DEFCB20054934C /* ViewControllers */,
				60E59FB128DE2DFD007BBE81 /* Extensions */,
				604EC0E828DB761C00F0D344 /* Managers */,
				604EC0E328DB72F000F0D344 /* Models */,
				604EC0DE28DB684B00F0D344 /* Utilities */,
				604EC0DB28DB676300F0D344 /* CustomViews */,
				605BD4ED28DB5F9D0026C185 /* AppDelegate.swift */,
				605BD4EF28DB5F9D0026C185 /* SceneDelegate.swift */,
				601AD100290B0CB100CFF7D0 /* Defaults.swift */,
				604EC0E928DB867700F0D344 /* Fonts */,
				605BD4F628DB5FA60026C185 /* Assets.xcassets */,
				605BD4F828DB5FA60026C185 /* LaunchScreen.storyboard */,
				605BD4FB28DB5FA60026C185 /* Info.plist */,
			);
			path = MyBoxer;
			sourceTree = "<group>";
		};
		6087257928F872A9005E4296 /* ImageViews */ = {
			isa = PBXGroup;
			children = (
				604EC0DC28DB678F00F0D344 /* MBImageView.swift */,
			);
			path = ImageViews;
			sourceTree = "<group>";
		};
		6087257A28F872BD005E4296 /* Buttons */ = {
			isa = PBXGroup;
			children = (
				60E59FAF28DE2892007BBE81 /* MBHomeButton.swift */,
				6087257E28F88054005E4296 /* MBCategoriesButton.swift */,
			);
			path = Buttons;
			sourceTree = "<group>";
		};
		6087257B28F872C7005E4296 /* ProgressViews */ = {
			isa = PBXGroup;
			children = (
				604EC0E628DB74C300F0D344 /* MBProgressView.swift */,
			);
			path = ProgressViews;
			sourceTree = "<group>";
		};
		6087257C28F872DE005E4296 /* Views */ = {
			isa = PBXGroup;
			children = (
				60A92436292E8053003CE440 /* StatViews */,
				6087257728F872A0005E4296 /* MBShopMenu.swift */,
				60F0D23228FC774500485EDC /* MBTeamMenu.swift */,
				603C854F29016E9400368288 /* ContainerView.swift */,
			);
			path = Views;
			sourceTree = "<group>";
		};
		6087257D28F872EC005E4296 /* Labels */ = {
			isa = PBXGroup;
			children = (
				60EDB89628E8B7AD00EF9747 /* MBLabel.swift */,
			);
			path = Labels;
			sourceTree = "<group>";
		};
		60A92436292E8053003CE440 /* StatViews */ = {
			isa = PBXGroup;
			children = (
				60EDB89828E8C71D00EF9747 /* SingleStatView.swift */,
				60A92437292E807B003CE440 /* StatView.swift */,
			);
			path = StatViews;
			sourceTree = "<group>";
		};
		60ADD4992B584432001C16DD /* Views */ = {
			isa = PBXGroup;
			children = (
				60ADD49D2B584FC8001C16DD /* PlayerDetails */,
				60ADD49A2B584442001C16DD /* Home */,
			);
			path = Views;
			sourceTree = "<group>";
		};
		60ADD49A2B584442001C16DD /* Home */ = {
			isa = PBXGroup;
			children = (
				605BD50128DB62FB0026C185 /* HomeViewController.swift */,
				60ADD49B2B584480001C16DD /* HomeView.swift */,
			);
			path = Home;
			sourceTree = "<group>";
		};
		60ADD49D2B584FC8001C16DD /* PlayerDetails */ = {
			isa = PBXGroup;
			children = (
				603C854D2901690D00368288 /* PlayerDetailsVC.swift */,
			);
			path = PlayerDetails;
			sourceTree = "<group>";
		};
		60E134702927E2290032B292 /* Boxer */ = {
			isa = PBXGroup;
			children = (
				604EC0E428DB72FF00F0D344 /* Boxer.swift */,
				60E3AACA2908599600D8D025 /* Opponent.swift */,
				60E3AACC290859A400D8D025 /* Player.swift */,
			);
			path = Boxer;
			sourceTree = "<group>";
		};
		60E59FB128DE2DFD007BBE81 /* Extensions */ = {
			isa = PBXGroup;
			children = (
				60E59FB228DE2E14007BBE81 /* UIViewExtension.swift */,
			);
			path = Extensions;
			sourceTree = "<group>";
		};
		60EDB89A28E8C72200EF9747 /* Cells */ = {
			isa = PBXGroup;
			children = (
				609FFAC228F4949700B31C2D /* ShopItemCell.swift */,
				60F1F09F28E3507C0018AC4B /* TrainingCell.swift */,
				60EFAF6728E635C20011E2E8 /* OpponentCell.swift */,
				6062CCE328FEF0C90089ED9E /* TeamMemberCell.swift */,
				6062CCE928FF044C0089ED9E /* BoxerRankCell.swift */,
				60651D332917E10200CC75A4 /* FightingHitCell.swift */,
			);
			path = Cells;
			sourceTree = "<group>";
		};
/* End PBXGroup section */

/* Begin PBXNativeTarget section */
		605BD4E928DB5F9D0026C185 /* MyBoxer */ = {
			isa = PBXNativeTarget;
			buildConfigurationList = 605BD4FE28DB5FA60026C185 /* Build configuration list for PBXNativeTarget "MyBoxer" */;
			buildPhases = (
				605BD4E628DB5F9D0026C185 /* Sources */,
				605BD4E728DB5F9D0026C185 /* Frameworks */,
				605BD4E828DB5F9D0026C185 /* Resources */,
			);
			buildRules = (
			);
			dependencies = (
			);
			name = MyBoxer;
			productName = MyBoxer;
			productReference = 605BD4EA28DB5F9D0026C185 /* MyBoxer.app */;
			productType = "com.apple.product-type.application";
		};
/* End PBXNativeTarget section */

/* Begin PBXProject section */
		605BD4E228DB5F9D0026C185 /* Project object */ = {
			isa = PBXProject;
			attributes = {
				BuildIndependentTargetsInParallel = 1;
				LastSwiftUpdateCheck = 1340;
				LastUpgradeCheck = 1500;
				TargetAttributes = {
					605BD4E928DB5F9D0026C185 = {
						CreatedOnToolsVersion = 13.4;
					};
				};
			};
			buildConfigurationList = 605BD4E528DB5F9D0026C185 /* Build configuration list for PBXProject "MyBoxer" */;
			compatibilityVersion = "Xcode 13.0";
			developmentRegion = en;
			hasScannedForEncodings = 0;
			knownRegions = (
				en,
				Base,
			);
			mainGroup = 605BD4E128DB5F9D0026C185;
			productRefGroup = 605BD4EB28DB5F9D0026C185 /* Products */;
			projectDirPath = "";
			projectRoot = "";
			targets = (
				605BD4E928DB5F9D0026C185 /* MyBoxer */,
			);
		};
/* End PBXProject section */

/* Begin PBXResourcesBuildPhase section */
		605BD4E828DB5F9D0026C185 /* Resources */ = {
			isa = PBXResourcesBuildPhase;
			buildActionMask = 2147483647;
			files = (
				605BD4FA28DB5FA60026C185 /* LaunchScreen.storyboard in Resources */,
				6087257628F86A43005E4296 /* college.ttf in Resources */,
				605BD4F728DB5FA60026C185 /* Assets.xcassets in Resources */,
			);
			runOnlyForDeploymentPostprocessing = 0;
		};
/* End PBXResourcesBuildPhase section */

/* Begin PBXSourcesBuildPhase section */
		605BD4E628DB5F9D0026C185 /* Sources */ = {
			isa = PBXSourcesBuildPhase;
			buildActionMask = 2147483647;
			files = (
				603C855029016E9400368288 /* ContainerView.swift in Sources */,
				60F1F0A028E3507C0018AC4B /* TrainingCell.swift in Sources */,
				60C21AD92915418100721BD0 /* FightingVC.swift in Sources */,
				60651D362917E5BB00CC75A4 /* Attack.swift in Sources */,
				604EC0E728DB74C300F0D344 /* MBProgressView.swift in Sources */,
				60EFAF6628E635080011E2E8 /* OpponentsVC.swift in Sources */,
				60E59FB328DE2E14007BBE81 /* UIViewExtension.swift in Sources */,
				60F0D23128FC75F700485EDC /* TeamVC.swift in Sources */,
				604EC0E028DB686200F0D344 /* Images.swift in Sources */,
				605BD50228DB62FB0026C185 /* HomeViewController.swift in Sources */,
				608867BF28F5C7BC003C8F78 /* Item.swift in Sources */,
				60B93FBB29351ACC000A50A6 /* RankManager.swift in Sources */,
				60ADD49C2B584480001C16DD /* HomeView.swift in Sources */,
				605BD4EE28DB5F9D0026C185 /* AppDelegate.swift in Sources */,
				601AD101290B0CB100CFF7D0 /* Defaults.swift in Sources */,
				60F1F0A228E356860018AC4B /* Training.swift in Sources */,
				604EC0E228DB6A9200F0D344 /* Constants.swift in Sources */,
				609FFAC128F48F1C00B31C2D /* ShopVC.swift in Sources */,
				60E59FB028DE2893007BBE81 /* MBHomeButton.swift in Sources */,
				6062CCEA28FF044C0089ED9E /* BoxerRankCell.swift in Sources */,
				60A92438292E807B003CE440 /* StatView.swift in Sources */,
				6062CCEC28FF07B70089ED9E /* RankVC.swift in Sources */,
				603C854E2901690D00368288 /* PlayerDetailsVC.swift in Sources */,
				604D924E28DEFCFC0054934C /* TrainingVC.swift in Sources */,
				60E134722927E2880032B292 /* Member.swift in Sources */,
				604EC0DD28DB678F00F0D344 /* MBImageView.swift in Sources */,
				60EFAF6828E635C20011E2E8 /* OpponentCell.swift in Sources */,
				604EC0E528DB72FF00F0D344 /* Boxer.swift in Sources */,
				60E3AACD290859A400D8D025 /* Player.swift in Sources */,
				60F0D23328FC774500485EDC /* MBTeamMenu.swift in Sources */,
				60EDB89928E8C71D00EF9747 /* SingleStatView.swift in Sources */,
				6087257828F872A0005E4296 /* MBShopMenu.swift in Sources */,
				6087257F28F88054005E4296 /* MBCategoriesButton.swift in Sources */,
				6062CCE428FEF0C90089ED9E /* TeamMemberCell.swift in Sources */,
				609FFAC328F4949700B31C2D /* ShopItemCell.swift in Sources */,
				60E3AACB2908599600D8D025 /* Opponent.swift in Sources */,
				605BD4F028DB5F9D0026C185 /* SceneDelegate.swift in Sources */,
				60651D342917E10200CC75A4 /* FightingHitCell.swift in Sources */,
				608FCC6A291E77DB00DB14C9 /* AlertVC.swift in Sources */,
				60EDB89728E8B7AD00EF9747 /* MBLabel.swift in Sources */,
				602B046228EC8A0200BDEB3F /* TimeManagerLocal.swift in Sources */,
			);
			runOnlyForDeploymentPostprocessing = 0;
		};
/* End PBXSourcesBuildPhase section */

/* Begin PBXVariantGroup section */
		605BD4F828DB5FA60026C185 /* LaunchScreen.storyboard */ = {
			isa = PBXVariantGroup;
			children = (
				605BD4F928DB5FA60026C185 /* Base */,
			);
			name = LaunchScreen.storyboard;
			sourceTree = "<group>";
		};
/* End PBXVariantGroup section */

/* Begin XCBuildConfiguration section */
		605BD4FC28DB5FA60026C185 /* Debug */ = {
			isa = XCBuildConfiguration;
			buildSettings = {
				ALWAYS_SEARCH_USER_PATHS = NO;
				CLANG_ANALYZER_NONNULL = YES;
				CLANG_ANALYZER_NUMBER_OBJECT_CONVERSION = YES_AGGRESSIVE;
				CLANG_CXX_LANGUAGE_STANDARD = "gnu++17";
				CLANG_ENABLE_MODULES = YES;
				CLANG_ENABLE_OBJC_ARC = YES;
				CLANG_ENABLE_OBJC_WEAK = YES;
				CLANG_WARN_BLOCK_CAPTURE_AUTORELEASING = YES;
				CLANG_WARN_BOOL_CONVERSION = YES;
				CLANG_WARN_COMMA = YES;
				CLANG_WARN_CONSTANT_CONVERSION = YES;
				CLANG_WARN_DEPRECATED_OBJC_IMPLEMENTATIONS = YES;
				CLANG_WARN_DIRECT_OBJC_ISA_USAGE = YES_ERROR;
				CLANG_WARN_DOCUMENTATION_COMMENTS = YES;
				CLANG_WARN_EMPTY_BODY = YES;
				CLANG_WARN_ENUM_CONVERSION = YES;
				CLANG_WARN_INFINITE_RECURSION = YES;
				CLANG_WARN_INT_CONVERSION = YES;
				CLANG_WARN_NON_LITERAL_NULL_CONVERSION = YES;
				CLANG_WARN_OBJC_IMPLICIT_RETAIN_SELF = YES;
				CLANG_WARN_OBJC_LITERAL_CONVERSION = YES;
				CLANG_WARN_OBJC_ROOT_CLASS = YES_ERROR;
				CLANG_WARN_QUOTED_INCLUDE_IN_FRAMEWORK_HEADER = YES;
				CLANG_WARN_RANGE_LOOP_ANALYSIS = YES;
				CLANG_WARN_STRICT_PROTOTYPES = YES;
				CLANG_WARN_SUSPICIOUS_MOVE = YES;
				CLANG_WARN_UNGUARDED_AVAILABILITY = YES_AGGRESSIVE;
				CLANG_WARN_UNREACHABLE_CODE = YES;
				CLANG_WARN__DUPLICATE_METHOD_MATCH = YES;
				COPY_PHASE_STRIP = NO;
				DEBUG_INFORMATION_FORMAT = dwarf;
				ENABLE_STRICT_OBJC_MSGSEND = YES;
				ENABLE_TESTABILITY = YES;
				ENABLE_USER_SCRIPT_SANDBOXING = YES;
				GCC_C_LANGUAGE_STANDARD = gnu11;
				GCC_DYNAMIC_NO_PIC = NO;
				GCC_NO_COMMON_BLOCKS = YES;
				GCC_OPTIMIZATION_LEVEL = 0;
				GCC_PREPROCESSOR_DEFINITIONS = (
					"DEBUG=1",
					"$(inherited)",
				);
				GCC_WARN_64_TO_32_BIT_CONVERSION = YES;
				GCC_WARN_ABOUT_RETURN_TYPE = YES_ERROR;
				GCC_WARN_UNDECLARED_SELECTOR = YES;
				GCC_WARN_UNINITIALIZED_AUTOS = YES_AGGRESSIVE;
				GCC_WARN_UNUSED_FUNCTION = YES;
				GCC_WARN_UNUSED_VARIABLE = YES;
				IPHONEOS_DEPLOYMENT_TARGET = 15.5;
				MTL_ENABLE_DEBUG_INFO = INCLUDE_SOURCE;
				MTL_FAST_MATH = YES;
				ONLY_ACTIVE_ARCH = YES;
				SDKROOT = iphoneos;
				SWIFT_ACTIVE_COMPILATION_CONDITIONS = DEBUG;
				SWIFT_OPTIMIZATION_LEVEL = "-Onone";
			};
			name = Debug;
		};
		605BD4FD28DB5FA60026C185 /* Release */ = {
			isa = XCBuildConfiguration;
			buildSettings = {
				ALWAYS_SEARCH_USER_PATHS = NO;
				CLANG_ANALYZER_NONNULL = YES;
				CLANG_ANALYZER_NUMBER_OBJECT_CONVERSION = YES_AGGRESSIVE;
				CLANG_CXX_LANGUAGE_STANDARD = "gnu++17";
				CLANG_ENABLE_MODULES = YES;
				CLANG_ENABLE_OBJC_ARC = YES;
				CLANG_ENABLE_OBJC_WEAK = YES;
				CLANG_WARN_BLOCK_CAPTURE_AUTORELEASING = YES;
				CLANG_WARN_BOOL_CONVERSION = YES;
				CLANG_WARN_COMMA = YES;
				CLANG_WARN_CONSTANT_CONVERSION = YES;
				CLANG_WARN_DEPRECATED_OBJC_IMPLEMENTATIONS = YES;
				CLANG_WARN_DIRECT_OBJC_ISA_USAGE = YES_ERROR;
				CLANG_WARN_DOCUMENTATION_COMMENTS = YES;
				CLANG_WARN_EMPTY_BODY = YES;
				CLANG_WARN_ENUM_CONVERSION = YES;
				CLANG_WARN_INFINITE_RECURSION = YES;
				CLANG_WARN_INT_CONVERSION = YES;
				CLANG_WARN_NON_LITERAL_NULL_CONVERSION = YES;
				CLANG_WARN_OBJC_IMPLICIT_RETAIN_SELF = YES;
				CLANG_WARN_OBJC_LITERAL_CONVERSION = YES;
				CLANG_WARN_OBJC_ROOT_CLASS = YES_ERROR;
				CLANG_WARN_QUOTED_INCLUDE_IN_FRAMEWORK_HEADER = YES;
				CLANG_WARN_RANGE_LOOP_ANALYSIS = YES;
				CLANG_WARN_STRICT_PROTOTYPES = YES;
				CLANG_WARN_SUSPICIOUS_MOVE = YES;
				CLANG_WARN_UNGUARDED_AVAILABILITY = YES_AGGRESSIVE;
				CLANG_WARN_UNREACHABLE_CODE = YES;
				CLANG_WARN__DUPLICATE_METHOD_MATCH = YES;
				COPY_PHASE_STRIP = NO;
				DEBUG_INFORMATION_FORMAT = "dwarf-with-dsym";
				ENABLE_NS_ASSERTIONS = NO;
				ENABLE_STRICT_OBJC_MSGSEND = YES;
				ENABLE_USER_SCRIPT_SANDBOXING = YES;
				GCC_C_LANGUAGE_STANDARD = gnu11;
				GCC_NO_COMMON_BLOCKS = YES;
				GCC_WARN_64_TO_32_BIT_CONVERSION = YES;
				GCC_WARN_ABOUT_RETURN_TYPE = YES_ERROR;
				GCC_WARN_UNDECLARED_SELECTOR = YES;
				GCC_WARN_UNINITIALIZED_AUTOS = YES_AGGRESSIVE;
				GCC_WARN_UNUSED_FUNCTION = YES;
				GCC_WARN_UNUSED_VARIABLE = YES;
				IPHONEOS_DEPLOYMENT_TARGET = 15.5;
				MTL_ENABLE_DEBUG_INFO = NO;
				MTL_FAST_MATH = YES;
				SDKROOT = iphoneos;
				SWIFT_COMPILATION_MODE = wholemodule;
				SWIFT_OPTIMIZATION_LEVEL = "-O";
				VALIDATE_PRODUCT = YES;
			};
			name = Release;
		};
		605BD4FF28DB5FA60026C185 /* Debug */ = {
			isa = XCBuildConfiguration;
			buildSettings = {
				ASSETCATALOG_COMPILER_APPICON_NAME = AppIcon;
				ASSETCATALOG_COMPILER_GLOBAL_ACCENT_COLOR_NAME = AccentColor;
				CODE_SIGN_STYLE = Automatic;
				CURRENT_PROJECT_VERSION = 1;
				DEVELOPMENT_TEAM = 9AWGRVU6P9;
				GENERATE_INFOPLIST_FILE = YES;
				INFOPLIST_FILE = MyBoxer/Info.plist;
				INFOPLIST_KEY_UIApplicationSupportsIndirectInputEvents = YES;
				INFOPLIST_KEY_UILaunchStoryboardName = LaunchScreen;
				INFOPLIST_KEY_UISupportedInterfaceOrientations_iPad = "UIInterfaceOrientationPortrait UIInterfaceOrientationPortraitUpsideDown UIInterfaceOrientationLandscapeLeft UIInterfaceOrientationLandscapeRight";
				INFOPLIST_KEY_UISupportedInterfaceOrientations_iPhone = "UIInterfaceOrientationPortrait UIInterfaceOrientationLandscapeLeft UIInterfaceOrientationLandscapeRight";
				LD_RUNPATH_SEARCH_PATHS = (
					"$(inherited)",
					"@executable_path/Frameworks",
				);
				MARKETING_VERSION = 1.0;
				PRODUCT_BUNDLE_IDENTIFIER = SebastianHajduk.MyBoxer;
				PRODUCT_NAME = "$(TARGET_NAME)";
				SWIFT_EMIT_LOC_STRINGS = YES;
				SWIFT_VERSION = 5.0;
				TARGETED_DEVICE_FAMILY = "1,2";
			};
			name = Debug;
		};
		605BD50028DB5FA60026C185 /* Release */ = {
			isa = XCBuildConfiguration;
			buildSettings = {
				ASSETCATALOG_COMPILER_APPICON_NAME = AppIcon;
				ASSETCATALOG_COMPILER_GLOBAL_ACCENT_COLOR_NAME = AccentColor;
				CODE_SIGN_STYLE = Automatic;
				CURRENT_PROJECT_VERSION = 1;
				DEVELOPMENT_TEAM = 9AWGRVU6P9;
				GENERATE_INFOPLIST_FILE = YES;
				INFOPLIST_FILE = MyBoxer/Info.plist;
				INFOPLIST_KEY_UIApplicationSupportsIndirectInputEvents = YES;
				INFOPLIST_KEY_UILaunchStoryboardName = LaunchScreen;
				INFOPLIST_KEY_UISupportedInterfaceOrientations_iPad = "UIInterfaceOrientationPortrait UIInterfaceOrientationPortraitUpsideDown UIInterfaceOrientationLandscapeLeft UIInterfaceOrientationLandscapeRight";
				INFOPLIST_KEY_UISupportedInterfaceOrientations_iPhone = "UIInterfaceOrientationPortrait UIInterfaceOrientationLandscapeLeft UIInterfaceOrientationLandscapeRight";
				LD_RUNPATH_SEARCH_PATHS = (
					"$(inherited)",
					"@executable_path/Frameworks",
				);
				MARKETING_VERSION = 1.0;
				PRODUCT_BUNDLE_IDENTIFIER = SebastianHajduk.MyBoxer;
				PRODUCT_NAME = "$(TARGET_NAME)";
				SWIFT_EMIT_LOC_STRINGS = YES;
				SWIFT_VERSION = 5.0;
				TARGETED_DEVICE_FAMILY = "1,2";
			};
			name = Release;
		};
/* End XCBuildConfiguration section */

/* Begin XCConfigurationList section */
		605BD4E528DB5F9D0026C185 /* Build configuration list for PBXProject "MyBoxer" */ = {
			isa = XCConfigurationList;
			buildConfigurations = (
				605BD4FC28DB5FA60026C185 /* Debug */,
				605BD4FD28DB5FA60026C185 /* Release */,
			);
			defaultConfigurationIsVisible = 0;
			defaultConfigurationName = Release;
		};
		605BD4FE28DB5FA60026C185 /* Build configuration list for PBXNativeTarget "MyBoxer" */ = {
			isa = XCConfigurationList;
			buildConfigurations = (
				605BD4FF28DB5FA60026C185 /* Debug */,
				605BD50028DB5FA60026C185 /* Release */,
			);
			defaultConfigurationIsVisible = 0;
			defaultConfigurationName = Release;
		};
/* End XCConfigurationList section */
	};
	rootObject = 605BD4E228DB5F9D0026C185 /* Project object */;
}
