// !$*UTF8*$!
{
	archiveVersion = 1;
	classes = {
	};
	objectVersion = 60;
	objects = {

/* Begin PBXBuildFile section */
		600A7C3D2B62C09000D3F1DD /* HomePresenter.swift in Sources */ = {isa = PBXBuildFile; fileRef = 600A7C3C2B62C09000D3F1DD /* HomePresenter.swift */; };
		600A7C3F2B62C09900D3F1DD /* HomeRouter.swift in Sources */ = {isa = PBXBuildFile; fileRef = 600A7C3E2B62C09900D3F1DD /* HomeRouter.swift */; };
		600A7C412B62C0A500D3F1DD /* HomeConfigurator.swift in Sources */ = {isa = PBXBuildFile; fileRef = 600A7C402B62C0A500D3F1DD /* HomeConfigurator.swift */; };
		600A7C432B62C0B200D3F1DD /* HomeInteractor.swift in Sources */ = {isa = PBXBuildFile; fileRef = 600A7C422B62C0B200D3F1DD /* HomeInteractor.swift */; };
		6011F1BB2B5EDC7F004A3FA0 /* FightingView.swift in Sources */ = {isa = PBXBuildFile; fileRef = 6011F1BA2B5EDC7F004A3FA0 /* FightingView.swift */; };
		6011F1BE2B5EF0EC004A3FA0 /* AlertView.swift in Sources */ = {isa = PBXBuildFile; fileRef = 6011F1BD2B5EF0EC004A3FA0 /* AlertView.swift */; };
		601AD101290B0CB100CFF7D0 /* Defaults.swift in Sources */ = {isa = PBXBuildFile; fileRef = 601AD100290B0CB100CFF7D0 /* Defaults.swift */; };
		602065B72B599AE800E01B88 /* TrainingView.swift in Sources */ = {isa = PBXBuildFile; fileRef = 602065B62B599AE800E01B88 /* TrainingView.swift */; };
		602065BA2B599DAB00E01B88 /* ShopView.swift in Sources */ = {isa = PBXBuildFile; fileRef = 602065B92B599DAB00E01B88 /* ShopView.swift */; };
		602065BD2B59A2A100E01B88 /* ItemsRepository.swift in Sources */ = {isa = PBXBuildFile; fileRef = 602065BC2B59A2A100E01B88 /* ItemsRepository.swift */; };
		602065C02B59A3AD00E01B88 /* TeamRepository.swift in Sources */ = {isa = PBXBuildFile; fileRef = 602065BF2B59A3AD00E01B88 /* TeamRepository.swift */; };
		602065C22B59A49100E01B88 /* TeamView.swift in Sources */ = {isa = PBXBuildFile; fileRef = 602065C12B59A49100E01B88 /* TeamView.swift */; };
		602065C52B59A87000E01B88 /* RankView.swift in Sources */ = {isa = PBXBuildFile; fileRef = 602065C42B59A87000E01B88 /* RankView.swift */; };
		602B046228EC8A0200BDEB3F /* TimeManagerLocal.swift in Sources */ = {isa = PBXBuildFile; fileRef = 602B046128EC8A0200BDEB3F /* TimeManagerLocal.swift */; };
		603C854E2901690D00368288 /* PlayerDetailsViewController.swift in Sources */ = {isa = PBXBuildFile; fileRef = 603C854D2901690D00368288 /* PlayerDetailsViewController.swift */; };
		604D924E28DEFCFC0054934C /* TrainingViewController.swift in Sources */ = {isa = PBXBuildFile; fileRef = 604D924D28DEFCFC0054934C /* TrainingViewController.swift */; };
		604EC0E028DB686200F0D344 /* Images.swift in Sources */ = {isa = PBXBuildFile; fileRef = 604EC0DF28DB686200F0D344 /* Images.swift */; };
		604EC0E228DB6A9200F0D344 /* Constants.swift in Sources */ = {isa = PBXBuildFile; fileRef = 604EC0E128DB6A9200F0D344 /* Constants.swift */; };
		604EC0E528DB72FF00F0D344 /* Boxer.swift in Sources */ = {isa = PBXBuildFile; fileRef = 604EC0E428DB72FF00F0D344 /* Boxer.swift */; };
		605BD4EE28DB5F9D0026C185 /* AppDelegate.swift in Sources */ = {isa = PBXBuildFile; fileRef = 605BD4ED28DB5F9D0026C185 /* AppDelegate.swift */; };
		605BD4F028DB5F9D0026C185 /* SceneDelegate.swift in Sources */ = {isa = PBXBuildFile; fileRef = 605BD4EF28DB5F9D0026C185 /* SceneDelegate.swift */; };
		605BD4F728DB5FA60026C185 /* Assets.xcassets in Resources */ = {isa = PBXBuildFile; fileRef = 605BD4F628DB5FA60026C185 /* Assets.xcassets */; };
		605BD4FA28DB5FA60026C185 /* LaunchScreen.storyboard in Resources */ = {isa = PBXBuildFile; fileRef = 605BD4F828DB5FA60026C185 /* LaunchScreen.storyboard */; };
		605BD50228DB62FB0026C185 /* HomeViewController.swift in Sources */ = {isa = PBXBuildFile; fileRef = 605BD50128DB62FB0026C185 /* HomeViewController.swift */; };
		6062CCE428FEF0C90089ED9E /* TeamMemberCell.swift in Sources */ = {isa = PBXBuildFile; fileRef = 6062CCE328FEF0C90089ED9E /* TeamMemberCell.swift */; };
		6062CCEA28FF044C0089ED9E /* BoxerRankCell.swift in Sources */ = {isa = PBXBuildFile; fileRef = 6062CCE928FF044C0089ED9E /* BoxerRankCell.swift */; };
		6062CCEC28FF07B70089ED9E /* RankViewController.swift in Sources */ = {isa = PBXBuildFile; fileRef = 6062CCEB28FF07B70089ED9E /* RankViewController.swift */; };
		60651D342917E10200CC75A4 /* FightingHitCell.swift in Sources */ = {isa = PBXBuildFile; fileRef = 60651D332917E10200CC75A4 /* FightingHitCell.swift */; };
		60651D362917E5BB00CC75A4 /* Attack.swift in Sources */ = {isa = PBXBuildFile; fileRef = 60651D352917E5BB00CC75A4 /* Attack.swift */; };
		6087257628F86A43005E4296 /* college.ttf in Resources */ = {isa = PBXBuildFile; fileRef = 6087257528F86A43005E4296 /* college.ttf */; };
		608867BF28F5C7BC003C8F78 /* Item.swift in Sources */ = {isa = PBXBuildFile; fileRef = 608867BE28F5C7BC003C8F78 /* Item.swift */; };
		608FCC6A291E77DB00DB14C9 /* AlertViewController.swift in Sources */ = {isa = PBXBuildFile; fileRef = 608FCC69291E77DB00DB14C9 /* AlertViewController.swift */; };
		609FFAC128F48F1C00B31C2D /* ShopViewController.swift in Sources */ = {isa = PBXBuildFile; fileRef = 609FFAC028F48F1B00B31C2D /* ShopViewController.swift */; };
		609FFAC328F4949700B31C2D /* ShopItemCell.swift in Sources */ = {isa = PBXBuildFile; fileRef = 609FFAC228F4949700B31C2D /* ShopItemCell.swift */; };
		60A92438292E807B003CE440 /* StatView.swift in Sources */ = {isa = PBXBuildFile; fileRef = 60A92437292E807B003CE440 /* StatView.swift */; };
		60ADD49C2B584480001C16DD /* HomeView.swift in Sources */ = {isa = PBXBuildFile; fileRef = 60ADD49B2B584480001C16DD /* HomeView.swift */; };
		60ADD49F2B5850F6001C16DD /* PlayerDetailsView.swift in Sources */ = {isa = PBXBuildFile; fileRef = 60ADD49E2B5850F6001C16DD /* PlayerDetailsView.swift */; };
		60ADD4A22B58540E001C16DD /* OpponentsView.swift in Sources */ = {isa = PBXBuildFile; fileRef = 60ADD4A12B58540E001C16DD /* OpponentsView.swift */; };
		60B93FBB29351ACC000A50A6 /* RankManager.swift in Sources */ = {isa = PBXBuildFile; fileRef = 60B93FBA29351ACC000A50A6 /* RankManager.swift */; };
		60C21AD92915418100721BD0 /* FightingViewController.swift in Sources */ = {isa = PBXBuildFile; fileRef = 60C21AD82915418100721BD0 /* FightingViewController.swift */; };
		60E134722927E2880032B292 /* Member.swift in Sources */ = {isa = PBXBuildFile; fileRef = 60E134712927E2880032B292 /* Member.swift */; };
		60E3AACB2908599600D8D025 /* Opponent.swift in Sources */ = {isa = PBXBuildFile; fileRef = 60E3AACA2908599600D8D025 /* Opponent.swift */; };
		60E3AACD290859A400D8D025 /* Player.swift in Sources */ = {isa = PBXBuildFile; fileRef = 60E3AACC290859A400D8D025 /* Player.swift */; };
		60E59FB328DE2E14007BBE81 /* UIViewExtension.swift in Sources */ = {isa = PBXBuildFile; fileRef = 60E59FB228DE2E14007BBE81 /* UIViewExtension.swift */; };
		60EFAF6628E635080011E2E8 /* OpponentsViewController.swift in Sources */ = {isa = PBXBuildFile; fileRef = 60EFAF6528E635080011E2E8 /* OpponentsViewController.swift */; };
		60EFAF6828E635C20011E2E8 /* OpponentCell.swift in Sources */ = {isa = PBXBuildFile; fileRef = 60EFAF6728E635C20011E2E8 /* OpponentCell.swift */; };
		60F0D23128FC75F700485EDC /* TeamViewController.swift in Sources */ = {isa = PBXBuildFile; fileRef = 60F0D23028FC75F700485EDC /* TeamViewController.swift */; };
		60F1F0A028E3507C0018AC4B /* TrainingCell.swift in Sources */ = {isa = PBXBuildFile; fileRef = 60F1F09F28E3507C0018AC4B /* TrainingCell.swift */; };
		60F1F0A228E356860018AC4B /* Training.swift in Sources */ = {isa = PBXBuildFile; fileRef = 60F1F0A128E356860018AC4B /* Training.swift */; };
		60F3576A2B60360300C51F94 /* DesignSystem in Frameworks */ = {isa = PBXBuildFile; productRef = 60F357692B60360300C51F94 /* DesignSystem */; };
/* End PBXBuildFile section */

/* Begin PBXFileReference section */
		600A7C3C2B62C09000D3F1DD /* HomePresenter.swift */ = {isa = PBXFileReference; lastKnownFileType = sourcecode.swift; path = HomePresenter.swift; sourceTree = "<group>"; };
		600A7C3E2B62C09900D3F1DD /* HomeRouter.swift */ = {isa = PBXFileReference; lastKnownFileType = sourcecode.swift; path = HomeRouter.swift; sourceTree = "<group>"; };
		600A7C402B62C0A500D3F1DD /* HomeConfigurator.swift */ = {isa = PBXFileReference; lastKnownFileType = sourcecode.swift; path = HomeConfigurator.swift; sourceTree = "<group>"; };
		600A7C422B62C0B200D3F1DD /* HomeInteractor.swift */ = {isa = PBXFileReference; lastKnownFileType = sourcecode.swift; path = HomeInteractor.swift; sourceTree = "<group>"; };
		6011F1BA2B5EDC7F004A3FA0 /* FightingView.swift */ = {isa = PBXFileReference; lastKnownFileType = sourcecode.swift; path = FightingView.swift; sourceTree = "<group>"; };
		6011F1BD2B5EF0EC004A3FA0 /* AlertView.swift */ = {isa = PBXFileReference; lastKnownFileType = sourcecode.swift; path = AlertView.swift; sourceTree = "<group>"; };
		601AD100290B0CB100CFF7D0 /* Defaults.swift */ = {isa = PBXFileReference; lastKnownFileType = sourcecode.swift; path = Defaults.swift; sourceTree = "<group>"; };
		602065B62B599AE800E01B88 /* TrainingView.swift */ = {isa = PBXFileReference; lastKnownFileType = sourcecode.swift; path = TrainingView.swift; sourceTree = "<group>"; };
		602065B92B599DAB00E01B88 /* ShopView.swift */ = {isa = PBXFileReference; lastKnownFileType = sourcecode.swift; path = ShopView.swift; sourceTree = "<group>"; };
		602065BC2B59A2A100E01B88 /* ItemsRepository.swift */ = {isa = PBXFileReference; lastKnownFileType = sourcecode.swift; path = ItemsRepository.swift; sourceTree = "<group>"; };
		602065BF2B59A3AD00E01B88 /* TeamRepository.swift */ = {isa = PBXFileReference; lastKnownFileType = sourcecode.swift; path = TeamRepository.swift; sourceTree = "<group>"; };
		602065C12B59A49100E01B88 /* TeamView.swift */ = {isa = PBXFileReference; lastKnownFileType = sourcecode.swift; path = TeamView.swift; sourceTree = "<group>"; };
		602065C42B59A87000E01B88 /* RankView.swift */ = {isa = PBXFileReference; lastKnownFileType = sourcecode.swift; path = RankView.swift; sourceTree = "<group>"; };
		602B046128EC8A0200BDEB3F /* TimeManagerLocal.swift */ = {isa = PBXFileReference; lastKnownFileType = sourcecode.swift; path = TimeManagerLocal.swift; sourceTree = "<group>"; };
		603C854D2901690D00368288 /* PlayerDetailsViewController.swift */ = {isa = PBXFileReference; lastKnownFileType = sourcecode.swift; path = PlayerDetailsViewController.swift; sourceTree = "<group>"; };
		604D924D28DEFCFC0054934C /* TrainingViewController.swift */ = {isa = PBXFileReference; lastKnownFileType = sourcecode.swift; path = TrainingViewController.swift; sourceTree = "<group>"; };
		604EC0DF28DB686200F0D344 /* Images.swift */ = {isa = PBXFileReference; lastKnownFileType = sourcecode.swift; path = Images.swift; sourceTree = "<group>"; };
		604EC0E128DB6A9200F0D344 /* Constants.swift */ = {isa = PBXFileReference; lastKnownFileType = sourcecode.swift; path = Constants.swift; sourceTree = "<group>"; };
		604EC0E428DB72FF00F0D344 /* Boxer.swift */ = {isa = PBXFileReference; lastKnownFileType = sourcecode.swift; path = Boxer.swift; sourceTree = "<group>"; };
		605BD4EA28DB5F9D0026C185 /* MyBoxer.app */ = {isa = PBXFileReference; explicitFileType = wrapper.application; includeInIndex = 0; path = MyBoxer.app; sourceTree = BUILT_PRODUCTS_DIR; };
		605BD4ED28DB5F9D0026C185 /* AppDelegate.swift */ = {isa = PBXFileReference; lastKnownFileType = sourcecode.swift; path = AppDelegate.swift; sourceTree = "<group>"; };
		605BD4EF28DB5F9D0026C185 /* SceneDelegate.swift */ = {isa = PBXFileReference; lastKnownFileType = sourcecode.swift; path = SceneDelegate.swift; sourceTree = "<group>"; };
		605BD4F628DB5FA60026C185 /* Assets.xcassets */ = {isa = PBXFileReference; lastKnownFileType = folder.assetcatalog; path = Assets.xcassets; sourceTree = "<group>"; };
		605BD4F928DB5FA60026C185 /* Base */ = {isa = PBXFileReference; lastKnownFileType = file.storyboard; name = Base; path = Base.lproj/LaunchScreen.storyboard; sourceTree = "<group>"; };
		605BD4FB28DB5FA60026C185 /* Info.plist */ = {isa = PBXFileReference; lastKnownFileType = text.plist.xml; path = Info.plist; sourceTree = "<group>"; };
		605BD50128DB62FB0026C185 /* HomeViewController.swift */ = {isa = PBXFileReference; lastKnownFileType = sourcecode.swift; path = HomeViewController.swift; sourceTree = "<group>"; };
		6062CCE328FEF0C90089ED9E /* TeamMemberCell.swift */ = {isa = PBXFileReference; lastKnownFileType = sourcecode.swift; path = TeamMemberCell.swift; sourceTree = "<group>"; };
		6062CCE928FF044C0089ED9E /* BoxerRankCell.swift */ = {isa = PBXFileReference; lastKnownFileType = sourcecode.swift; path = BoxerRankCell.swift; sourceTree = "<group>"; };
		6062CCEB28FF07B70089ED9E /* RankViewController.swift */ = {isa = PBXFileReference; lastKnownFileType = sourcecode.swift; path = RankViewController.swift; sourceTree = "<group>"; };
		60651D332917E10200CC75A4 /* FightingHitCell.swift */ = {isa = PBXFileReference; lastKnownFileType = sourcecode.swift; path = FightingHitCell.swift; sourceTree = "<group>"; };
		60651D352917E5BB00CC75A4 /* Attack.swift */ = {isa = PBXFileReference; lastKnownFileType = sourcecode.swift; path = Attack.swift; sourceTree = "<group>"; };
		6087257528F86A43005E4296 /* college.ttf */ = {isa = PBXFileReference; lastKnownFileType = file; path = college.ttf; sourceTree = "<group>"; };
		608867BE28F5C7BC003C8F78 /* Item.swift */ = {isa = PBXFileReference; lastKnownFileType = sourcecode.swift; path = Item.swift; sourceTree = "<group>"; };
		608FCC69291E77DB00DB14C9 /* AlertViewController.swift */ = {isa = PBXFileReference; lastKnownFileType = sourcecode.swift; path = AlertViewController.swift; sourceTree = "<group>"; };
		609FFAC028F48F1B00B31C2D /* ShopViewController.swift */ = {isa = PBXFileReference; lastKnownFileType = sourcecode.swift; path = ShopViewController.swift; sourceTree = "<group>"; };
		609FFAC228F4949700B31C2D /* ShopItemCell.swift */ = {isa = PBXFileReference; lastKnownFileType = sourcecode.swift; path = ShopItemCell.swift; sourceTree = "<group>"; };
		60A92437292E807B003CE440 /* StatView.swift */ = {isa = PBXFileReference; lastKnownFileType = sourcecode.swift; path = StatView.swift; sourceTree = "<group>"; };
		60ADD49B2B584480001C16DD /* HomeView.swift */ = {isa = PBXFileReference; lastKnownFileType = sourcecode.swift; path = HomeView.swift; sourceTree = "<group>"; };
		60ADD49E2B5850F6001C16DD /* PlayerDetailsView.swift */ = {isa = PBXFileReference; lastKnownFileType = sourcecode.swift; path = PlayerDetailsView.swift; sourceTree = "<group>"; };
		60ADD4A12B58540E001C16DD /* OpponentsView.swift */ = {isa = PBXFileReference; lastKnownFileType = sourcecode.swift; path = OpponentsView.swift; sourceTree = "<group>"; };
		60B93FBA29351ACC000A50A6 /* RankManager.swift */ = {isa = PBXFileReference; lastKnownFileType = sourcecode.swift; path = RankManager.swift; sourceTree = "<group>"; };
		60C21AD82915418100721BD0 /* FightingViewController.swift */ = {isa = PBXFileReference; lastKnownFileType = sourcecode.swift; path = FightingViewController.swift; sourceTree = "<group>"; };
		60E134712927E2880032B292 /* Member.swift */ = {isa = PBXFileReference; lastKnownFileType = sourcecode.swift; path = Member.swift; sourceTree = "<group>"; };
		60E3AACA2908599600D8D025 /* Opponent.swift */ = {isa = PBXFileReference; lastKnownFileType = sourcecode.swift; path = Opponent.swift; sourceTree = "<group>"; };
		60E3AACC290859A400D8D025 /* Player.swift */ = {isa = PBXFileReference; lastKnownFileType = sourcecode.swift; path = Player.swift; sourceTree = "<group>"; };
		60E59FB228DE2E14007BBE81 /* UIViewExtension.swift */ = {isa = PBXFileReference; lastKnownFileType = sourcecode.swift; path = UIViewExtension.swift; sourceTree = "<group>"; };
		60EFAF6528E635080011E2E8 /* OpponentsViewController.swift */ = {isa = PBXFileReference; lastKnownFileType = sourcecode.swift; path = OpponentsViewController.swift; sourceTree = "<group>"; };
		60EFAF6728E635C20011E2E8 /* OpponentCell.swift */ = {isa = PBXFileReference; lastKnownFileType = sourcecode.swift; path = OpponentCell.swift; sourceTree = "<group>"; };
		60F0D23028FC75F700485EDC /* TeamViewController.swift */ = {isa = PBXFileReference; lastKnownFileType = sourcecode.swift; path = TeamViewController.swift; sourceTree = "<group>"; };
		60F1F09F28E3507C0018AC4B /* TrainingCell.swift */ = {isa = PBXFileReference; lastKnownFileType = sourcecode.swift; path = TrainingCell.swift; sourceTree = "<group>"; };
		60F1F0A128E356860018AC4B /* Training.swift */ = {isa = PBXFileReference; lastKnownFileType = sourcecode.swift; path = Training.swift; sourceTree = "<group>"; };
		60F357672B6032E800C51F94 /* DesignSystem */ = {isa = PBXFileReference; lastKnownFileType = wrapper; path = DesignSystem; sourceTree = "<group>"; };
/* End PBXFileReference section */

/* Begin PBXFrameworksBuildPhase section */
		605BD4E728DB5F9D0026C185 /* Frameworks */ = {
			isa = PBXFrameworksBuildPhase;
			buildActionMask = 2147483647;
			files = (
				60F3576A2B60360300C51F94 /* DesignSystem in Frameworks */,
			);
			runOnlyForDeploymentPostprocessing = 0;
		};
/* End PBXFrameworksBuildPhase section */

/* Begin PBXGroup section */
		6011F1BC2B5EEFE5004A3FA0 /* Alert */ = {
			isa = PBXGroup;
			children = (
				608FCC69291E77DB00DB14C9 /* AlertViewController.swift */,
				6011F1BD2B5EF0EC004A3FA0 /* AlertView.swift */,
			);
			path = Alert;
			sourceTree = "<group>";
		};
		602065B52B599AC500E01B88 /* Training */ = {
			isa = PBXGroup;
			children = (
				604D924D28DEFCFC0054934C /* TrainingViewController.swift */,
				602065B62B599AE800E01B88 /* TrainingView.swift */,
			);
			path = Training;
			sourceTree = "<group>";
		};
		602065B82B599D8600E01B88 /* Shop */ = {
			isa = PBXGroup;
			children = (
				609FFAC028F48F1B00B31C2D /* ShopViewController.swift */,
				602065B92B599DAB00E01B88 /* ShopView.swift */,
			);
			path = Shop;
			sourceTree = "<group>";
		};
		602065BB2B59A28E00E01B88 /* Repositories */ = {
			isa = PBXGroup;
			children = (
				602065BC2B59A2A100E01B88 /* ItemsRepository.swift */,
				602065BF2B59A3AD00E01B88 /* TeamRepository.swift */,
			);
			path = Repositories;
			sourceTree = "<group>";
		};
		602065BE2B59A34400E01B88 /* Team */ = {
			isa = PBXGroup;
			children = (
				60F0D23028FC75F700485EDC /* TeamViewController.swift */,
				602065C12B59A49100E01B88 /* TeamView.swift */,
			);
			path = Team;
			sourceTree = "<group>";
		};
		602065C32B59A84300E01B88 /* Rank */ = {
			isa = PBXGroup;
			children = (
				6062CCEB28FF07B70089ED9E /* RankViewController.swift */,
				602065C42B59A87000E01B88 /* RankView.swift */,
			);
			path = Rank;
			sourceTree = "<group>";
		};
		602C365A2B5C1CD2003C7DB2 /* Fighting */ = {
			isa = PBXGroup;
			children = (
				60C21AD82915418100721BD0 /* FightingViewController.swift */,
				6011F1BA2B5EDC7F004A3FA0 /* FightingView.swift */,
			);
			path = Fighting;
			sourceTree = "<group>";
		};
		604EC0DB28DB676300F0D344 /* CustomViews */ = {
			isa = PBXGroup;
			children = (
				60A92437292E807B003CE440 /* StatView.swift */,
				60EDB89A28E8C72200EF9747 /* Cells */,
			);
			path = CustomViews;
			sourceTree = "<group>";
		};
		604EC0DE28DB684B00F0D344 /* Utilities */ = {
			isa = PBXGroup;
			children = (
				604EC0DF28DB686200F0D344 /* Images.swift */,
				604EC0E128DB6A9200F0D344 /* Constants.swift */,
			);
			path = Utilities;
			sourceTree = "<group>";
		};
		604EC0E328DB72F000F0D344 /* Models */ = {
			isa = PBXGroup;
			children = (
				60E134702927E2290032B292 /* Boxer */,
				60F1F0A128E356860018AC4B /* Training.swift */,
				608867BE28F5C7BC003C8F78 /* Item.swift */,
				60651D352917E5BB00CC75A4 /* Attack.swift */,
				60E134712927E2880032B292 /* Member.swift */,
			);
			path = Models;
			sourceTree = "<group>";
		};
		604EC0E828DB761C00F0D344 /* Managers */ = {
			isa = PBXGroup;
			children = (
				602B046128EC8A0200BDEB3F /* TimeManagerLocal.swift */,
				60B93FBA29351ACC000A50A6 /* RankManager.swift */,
			);
			path = Managers;
			sourceTree = "<group>";
		};
		604EC0E928DB867700F0D344 /* Fonts */ = {
			isa = PBXGroup;
			children = (
				6087257528F86A43005E4296 /* college.ttf */,
			);
			path = Fonts;
			sourceTree = "<group>";
		};
		605BD4E128DB5F9D0026C185 = {
			isa = PBXGroup;
			children = (
				60F357672B6032E800C51F94 /* DesignSystem */,
				605BD4EC28DB5F9D0026C185 /* MyBoxer */,
				605BD4EB28DB5F9D0026C185 /* Products */,
			);
			sourceTree = "<group>";
		};
		605BD4EB28DB5F9D0026C185 /* Products */ = {
			isa = PBXGroup;
			children = (
				605BD4EA28DB5F9D0026C185 /* MyBoxer.app */,
			);
			name = Products;
			sourceTree = "<group>";
		};
		605BD4EC28DB5F9D0026C185 /* MyBoxer */ = {
			isa = PBXGroup;
			children = (
				602065BB2B59A28E00E01B88 /* Repositories */,
				60ADD4992B584432001C16DD /* Views */,
				60E59FB128DE2DFD007BBE81 /* Extensions */,
				604EC0E828DB761C00F0D344 /* Managers */,
				604EC0E328DB72F000F0D344 /* Models */,
				604EC0DE28DB684B00F0D344 /* Utilities */,
				604EC0DB28DB676300F0D344 /* CustomViews */,
				605BD4ED28DB5F9D0026C185 /* AppDelegate.swift */,
				605BD4EF28DB5F9D0026C185 /* SceneDelegate.swift */,
				601AD100290B0CB100CFF7D0 /* Defaults.swift */,
				604EC0E928DB867700F0D344 /* Fonts */,
				605BD4F628DB5FA60026C185 /* Assets.xcassets */,
				605BD4F828DB5FA60026C185 /* LaunchScreen.storyboard */,
				605BD4FB28DB5FA60026C185 /* Info.plist */,
			);
			path = MyBoxer;
			sourceTree = "<group>";
		};
		60ADD4992B584432001C16DD /* Views */ = {
			isa = PBXGroup;
			children = (
				6011F1BC2B5EEFE5004A3FA0 /* Alert */,
				602C365A2B5C1CD2003C7DB2 /* Fighting */,
				602065C32B59A84300E01B88 /* Rank */,
				602065BE2B59A34400E01B88 /* Team */,
				602065B82B599D8600E01B88 /* Shop */,
				602065B52B599AC500E01B88 /* Training */,
				60ADD4A02B5853BB001C16DD /* Opponents */,
				60ADD49D2B584FC8001C16DD /* PlayerDetails */,
				60ADD49A2B584442001C16DD /* Home */,
			);
			path = Views;
			sourceTree = "<group>";
		};
		60ADD49A2B584442001C16DD /* Home */ = {
			isa = PBXGroup;
			children = (
				605BD50128DB62FB0026C185 /* HomeViewController.swift */,
				60ADD49B2B584480001C16DD /* HomeView.swift */,
				600A7C3C2B62C09000D3F1DD /* HomePresenter.swift */,
				600A7C3E2B62C09900D3F1DD /* HomeRouter.swift */,
				600A7C402B62C0A500D3F1DD /* HomeConfigurator.swift */,
				600A7C422B62C0B200D3F1DD /* HomeInteractor.swift */,
			);
			path = Home;
			sourceTree = "<group>";
		};
		60ADD49D2B584FC8001C16DD /* PlayerDetails */ = {
			isa = PBXGroup;
			children = (
				603C854D2901690D00368288 /* PlayerDetailsViewController.swift */,
				60ADD49E2B5850F6001C16DD /* PlayerDetailsView.swift */,
			);
			path = PlayerDetails;
			sourceTree = "<group>";
		};
		60ADD4A02B5853BB001C16DD /* Opponents */ = {
			isa = PBXGroup;
			children = (
				60EFAF6528E635080011E2E8 /* OpponentsViewController.swift */,
				60ADD4A12B58540E001C16DD /* OpponentsView.swift */,
			);
			path = Opponents;
			sourceTree = "<group>";
		};
		60E134702927E2290032B292 /* Boxer */ = {
			isa = PBXGroup;
			children = (
				604EC0E428DB72FF00F0D344 /* Boxer.swift */,
				60E3AACA2908599600D8D025 /* Opponent.swift */,
				60E3AACC290859A400D8D025 /* Player.swift */,
			);
			path = Boxer;
			sourceTree = "<group>";
		};
		60E59FB128DE2DFD007BBE81 /* Extensions */ = {
			isa = PBXGroup;
			children = (
				60E59FB228DE2E14007BBE81 /* UIViewExtension.swift */,
			);
			path = Extensions;
			sourceTree = "<group>";
		};
		60EDB89A28E8C72200EF9747 /* Cells */ = {
			isa = PBXGroup;
			children = (
				609FFAC228F4949700B31C2D /* ShopItemCell.swift */,
				60F1F09F28E3507C0018AC4B /* TrainingCell.swift */,
				60EFAF6728E635C20011E2E8 /* OpponentCell.swift */,
				6062CCE328FEF0C90089ED9E /* TeamMemberCell.swift */,
				6062CCE928FF044C0089ED9E /* BoxerRankCell.swift */,
				60651D332917E10200CC75A4 /* FightingHitCell.swift */,
			);
			path = Cells;
			sourceTree = "<group>";
		};
/* End PBXGroup section */

/* Begin PBXNativeTarget section */
		605BD4E928DB5F9D0026C185 /* MyBoxer */ = {
			isa = PBXNativeTarget;
			buildConfigurationList = 605BD4FE28DB5FA60026C185 /* Build configuration list for PBXNativeTarget "MyBoxer" */;
			buildPhases = (
				605BD4E628DB5F9D0026C185 /* Sources */,
				605BD4E728DB5F9D0026C185 /* Frameworks */,
				605BD4E828DB5F9D0026C185 /* Resources */,
			);
			buildRules = (
			);
			dependencies = (
			);
			name = MyBoxer;
			packageProductDependencies = (
				60F357692B60360300C51F94 /* DesignSystem */,
			);
			productName = MyBoxer;
			productReference = 605BD4EA28DB5F9D0026C185 /* MyBoxer.app */;
			productType = "com.apple.product-type.application";
		};
/* End PBXNativeTarget section */

/* Begin PBXProject section */
		605BD4E228DB5F9D0026C185 /* Project object */ = {
			isa = PBXProject;
			attributes = {
				BuildIndependentTargetsInParallel = 1;
				LastSwiftUpdateCheck = 1340;
				LastUpgradeCheck = 1500;
				TargetAttributes = {
					605BD4E928DB5F9D0026C185 = {
						CreatedOnToolsVersion = 13.4;
					};
				};
			};
			buildConfigurationList = 605BD4E528DB5F9D0026C185 /* Build configuration list for PBXProject "MyBoxer" */;
			compatibilityVersion = "Xcode 13.0";
			developmentRegion = en;
			hasScannedForEncodings = 0;
			knownRegions = (
				en,
				Base,
			);
			mainGroup = 605BD4E128DB5F9D0026C185;
			packageReferences = (
				60F357682B60360300C51F94 /* XCLocalSwiftPackageReference "DesignSystem" */,
			);
			productRefGroup = 605BD4EB28DB5F9D0026C185 /* Products */;
			projectDirPath = "";
			projectRoot = "";
			targets = (
				605BD4E928DB5F9D0026C185 /* MyBoxer */,
			);
		};
/* End PBXProject section */

/* Begin PBXResourcesBuildPhase section */
		605BD4E828DB5F9D0026C185 /* Resources */ = {
			isa = PBXResourcesBuildPhase;
			buildActionMask = 2147483647;
			files = (
				605BD4FA28DB5FA60026C185 /* LaunchScreen.storyboard in Resources */,
				6087257628F86A43005E4296 /* college.ttf in Resources */,
				605BD4F728DB5FA60026C185 /* Assets.xcassets in Resources */,
			);
			runOnlyForDeploymentPostprocessing = 0;
		};
/* End PBXResourcesBuildPhase section */

/* Begin PBXSourcesBuildPhase section */
		605BD4E628DB5F9D0026C185 /* Sources */ = {
			isa = PBXSourcesBuildPhase;
			buildActionMask = 2147483647;
			files = (
				60F1F0A028E3507C0018AC4B /* TrainingCell.swift in Sources */,
				60C21AD92915418100721BD0 /* FightingViewController.swift in Sources */,
				602065BA2B599DAB00E01B88 /* ShopView.swift in Sources */,
				602065BD2B59A2A100E01B88 /* ItemsRepository.swift in Sources */,
				60651D362917E5BB00CC75A4 /* Attack.swift in Sources */,
				60EFAF6628E635080011E2E8 /* OpponentsViewController.swift in Sources */,
				60ADD49F2B5850F6001C16DD /* PlayerDetailsView.swift in Sources */,
				60E59FB328DE2E14007BBE81 /* UIViewExtension.swift in Sources */,
				60ADD4A22B58540E001C16DD /* OpponentsView.swift in Sources */,
				602065C22B59A49100E01B88 /* TeamView.swift in Sources */,
				6011F1BB2B5EDC7F004A3FA0 /* FightingView.swift in Sources */,
				60F0D23128FC75F700485EDC /* TeamViewController.swift in Sources */,
				604EC0E028DB686200F0D344 /* Images.swift in Sources */,
				605BD50228DB62FB0026C185 /* HomeViewController.swift in Sources */,
				608867BF28F5C7BC003C8F78 /* Item.swift in Sources */,
				60B93FBB29351ACC000A50A6 /* RankManager.swift in Sources */,
				60ADD49C2B584480001C16DD /* HomeView.swift in Sources */,
				605BD4EE28DB5F9D0026C185 /* AppDelegate.swift in Sources */,
				601AD101290B0CB100CFF7D0 /* Defaults.swift in Sources */,
				60F1F0A228E356860018AC4B /* Training.swift in Sources */,
				604EC0E228DB6A9200F0D344 /* Constants.swift in Sources */,
				600A7C3F2B62C09900D3F1DD /* HomeRouter.swift in Sources */,
				609FFAC128F48F1C00B31C2D /* ShopViewController.swift in Sources */,
				6062CCEA28FF044C0089ED9E /* BoxerRankCell.swift in Sources */,
				600A7C412B62C0A500D3F1DD /* HomeConfigurator.swift in Sources */,
				60A92438292E807B003CE440 /* StatView.swift in Sources */,
				602065C02B59A3AD00E01B88 /* TeamRepository.swift in Sources */,
				6062CCEC28FF07B70089ED9E /* RankViewController.swift in Sources */,
				602065B72B599AE800E01B88 /* TrainingView.swift in Sources */,
				603C854E2901690D00368288 /* PlayerDetailsViewController.swift in Sources */,
				604D924E28DEFCFC0054934C /* TrainingViewController.swift in Sources */,
				60E134722927E2880032B292 /* Member.swift in Sources */,
				60EFAF6828E635C20011E2E8 /* OpponentCell.swift in Sources */,
				604EC0E528DB72FF00F0D344 /* Boxer.swift in Sources */,
				60E3AACD290859A400D8D025 /* Player.swift in Sources */,
				6062CCE428FEF0C90089ED9E /* TeamMemberCell.swift in Sources */,
				609FFAC328F4949700B31C2D /* ShopItemCell.swift in Sources */,
				602065C52B59A87000E01B88 /* RankView.swift in Sources */,
				60E3AACB2908599600D8D025 /* Opponent.swift in Sources */,
				605BD4F028DB5F9D0026C185 /* SceneDelegate.swift in Sources */,
				600A7C3D2B62C09000D3F1DD /* HomePresenter.swift in Sources */,
				60651D342917E10200CC75A4 /* FightingHitCell.swift in Sources */,
				608FCC6A291E77DB00DB14C9 /* AlertViewController.swift in Sources */,
				60EDB89728E8B7AD00EF9747 /* MBLabel.swift in Sources */,
				600A7C432B62C0B200D3F1DD /* HomeInteractor.swift in Sources */,
				602B046228EC8A0200BDEB3F /* TimeManagerLocal.swift in Sources */,
				6011F1BE2B5EF0EC004A3FA0 /* AlertView.swift in Sources */,
			);
			runOnlyForDeploymentPostprocessing = 0;
		};
/* End PBXSourcesBuildPhase section */

/* Begin PBXVariantGroup section */
		605BD4F828DB5FA60026C185 /* LaunchScreen.storyboard */ = {
			isa = PBXVariantGroup;
			children = (
				605BD4F928DB5FA60026C185 /* Base */,
			);
			name = LaunchScreen.storyboard;
			sourceTree = "<group>";
		};
/* End PBXVariantGroup section */

/* Begin XCBuildConfiguration section */
		605BD4FC28DB5FA60026C185 /* Debug */ = {
			isa = XCBuildConfiguration;
			buildSettings = {
				ALWAYS_SEARCH_USER_PATHS = NO;
				CLANG_ANALYZER_NONNULL = YES;
				CLANG_ANALYZER_NUMBER_OBJECT_CONVERSION = YES_AGGRESSIVE;
				CLANG_CXX_LANGUAGE_STANDARD = "gnu++17";
				CLANG_ENABLE_MODULES = YES;
				CLANG_ENABLE_OBJC_ARC = YES;
				CLANG_ENABLE_OBJC_WEAK = YES;
				CLANG_WARN_BLOCK_CAPTURE_AUTORELEASING = YES;
				CLANG_WARN_BOOL_CONVERSION = YES;
				CLANG_WARN_COMMA = YES;
				CLANG_WARN_CONSTANT_CONVERSION = YES;
				CLANG_WARN_DEPRECATED_OBJC_IMPLEMENTATIONS = YES;
				CLANG_WARN_DIRECT_OBJC_ISA_USAGE = YES_ERROR;
				CLANG_WARN_DOCUMENTATION_COMMENTS = YES;
				CLANG_WARN_EMPTY_BODY = YES;
				CLANG_WARN_ENUM_CONVERSION = YES;
				CLANG_WARN_INFINITE_RECURSION = YES;
				CLANG_WARN_INT_CONVERSION = YES;
				CLANG_WARN_NON_LITERAL_NULL_CONVERSION = YES;
				CLANG_WARN_OBJC_IMPLICIT_RETAIN_SELF = YES;
				CLANG_WARN_OBJC_LITERAL_CONVERSION = YES;
				CLANG_WARN_OBJC_ROOT_CLASS = YES_ERROR;
				CLANG_WARN_QUOTED_INCLUDE_IN_FRAMEWORK_HEADER = YES;
				CLANG_WARN_RANGE_LOOP_ANALYSIS = YES;
				CLANG_WARN_STRICT_PROTOTYPES = YES;
				CLANG_WARN_SUSPICIOUS_MOVE = YES;
				CLANG_WARN_UNGUARDED_AVAILABILITY = YES_AGGRESSIVE;
				CLANG_WARN_UNREACHABLE_CODE = YES;
				CLANG_WARN__DUPLICATE_METHOD_MATCH = YES;
				COPY_PHASE_STRIP = NO;
				DEBUG_INFORMATION_FORMAT = dwarf;
				ENABLE_STRICT_OBJC_MSGSEND = YES;
				ENABLE_TESTABILITY = YES;
				ENABLE_USER_SCRIPT_SANDBOXING = YES;
				GCC_C_LANGUAGE_STANDARD = gnu11;
				GCC_DYNAMIC_NO_PIC = NO;
				GCC_NO_COMMON_BLOCKS = YES;
				GCC_OPTIMIZATION_LEVEL = 0;
				GCC_PREPROCESSOR_DEFINITIONS = (
					"DEBUG=1",
					"$(inherited)",
				);
				GCC_WARN_64_TO_32_BIT_CONVERSION = YES;
				GCC_WARN_ABOUT_RETURN_TYPE = YES_ERROR;
				GCC_WARN_UNDECLARED_SELECTOR = YES;
				GCC_WARN_UNINITIALIZED_AUTOS = YES_AGGRESSIVE;
				GCC_WARN_UNUSED_FUNCTION = YES;
				GCC_WARN_UNUSED_VARIABLE = YES;
				IPHONEOS_DEPLOYMENT_TARGET = 16.0;
				MTL_ENABLE_DEBUG_INFO = INCLUDE_SOURCE;
				MTL_FAST_MATH = YES;
				ONLY_ACTIVE_ARCH = YES;
				SDKROOT = iphoneos;
				SWIFT_ACTIVE_COMPILATION_CONDITIONS = DEBUG;
				SWIFT_OPTIMIZATION_LEVEL = "-Onone";
			};
			name = Debug;
		};
		605BD4FD28DB5FA60026C185 /* Release */ = {
			isa = XCBuildConfiguration;
			buildSettings = {
				ALWAYS_SEARCH_USER_PATHS = NO;
				CLANG_ANALYZER_NONNULL = YES;
				CLANG_ANALYZER_NUMBER_OBJECT_CONVERSION = YES_AGGRESSIVE;
				CLANG_CXX_LANGUAGE_STANDARD = "gnu++17";
				CLANG_ENABLE_MODULES = YES;
				CLANG_ENABLE_OBJC_ARC = YES;
				CLANG_ENABLE_OBJC_WEAK = YES;
				CLANG_WARN_BLOCK_CAPTURE_AUTORELEASING = YES;
				CLANG_WARN_BOOL_CONVERSION = YES;
				CLANG_WARN_COMMA = YES;
				CLANG_WARN_CONSTANT_CONVERSION = YES;
				CLANG_WARN_DEPRECATED_OBJC_IMPLEMENTATIONS = YES;
				CLANG_WARN_DIRECT_OBJC_ISA_USAGE = YES_ERROR;
				CLANG_WARN_DOCUMENTATION_COMMENTS = YES;
				CLANG_WARN_EMPTY_BODY = YES;
				CLANG_WARN_ENUM_CONVERSION = YES;
				CLANG_WARN_INFINITE_RECURSION = YES;
				CLANG_WARN_INT_CONVERSION = YES;
				CLANG_WARN_NON_LITERAL_NULL_CONVERSION = YES;
				CLANG_WARN_OBJC_IMPLICIT_RETAIN_SELF = YES;
				CLANG_WARN_OBJC_LITERAL_CONVERSION = YES;
				CLANG_WARN_OBJC_ROOT_CLASS = YES_ERROR;
				CLANG_WARN_QUOTED_INCLUDE_IN_FRAMEWORK_HEADER = YES;
				CLANG_WARN_RANGE_LOOP_ANALYSIS = YES;
				CLANG_WARN_STRICT_PROTOTYPES = YES;
				CLANG_WARN_SUSPICIOUS_MOVE = YES;
				CLANG_WARN_UNGUARDED_AVAILABILITY = YES_AGGRESSIVE;
				CLANG_WARN_UNREACHABLE_CODE = YES;
				CLANG_WARN__DUPLICATE_METHOD_MATCH = YES;
				COPY_PHASE_STRIP = NO;
				DEBUG_INFORMATION_FORMAT = "dwarf-with-dsym";
				ENABLE_NS_ASSERTIONS = NO;
				ENABLE_STRICT_OBJC_MSGSEND = YES;
				ENABLE_USER_SCRIPT_SANDBOXING = YES;
				GCC_C_LANGUAGE_STANDARD = gnu11;
				GCC_NO_COMMON_BLOCKS = YES;
				GCC_WARN_64_TO_32_BIT_CONVERSION = YES;
				GCC_WARN_ABOUT_RETURN_TYPE = YES_ERROR;
				GCC_WARN_UNDECLARED_SELECTOR = YES;
				GCC_WARN_UNINITIALIZED_AUTOS = YES_AGGRESSIVE;
				GCC_WARN_UNUSED_FUNCTION = YES;
				GCC_WARN_UNUSED_VARIABLE = YES;
				IPHONEOS_DEPLOYMENT_TARGET = 16.0;
				MTL_ENABLE_DEBUG_INFO = NO;
				MTL_FAST_MATH = YES;
				SDKROOT = iphoneos;
				SWIFT_COMPILATION_MODE = wholemodule;
				SWIFT_OPTIMIZATION_LEVEL = "-O";
				VALIDATE_PRODUCT = YES;
			};
			name = Release;
		};
		605BD4FF28DB5FA60026C185 /* Debug */ = {
			isa = XCBuildConfiguration;
			buildSettings = {
				ASSETCATALOG_COMPILER_APPICON_NAME = AppIcon;
				ASSETCATALOG_COMPILER_GLOBAL_ACCENT_COLOR_NAME = AccentColor;
				CODE_SIGN_STYLE = Automatic;
				CURRENT_PROJECT_VERSION = 1;
				DEVELOPMENT_TEAM = 9AWGRVU6P9;
				GENERATE_INFOPLIST_FILE = YES;
				INFOPLIST_FILE = MyBoxer/Info.plist;
				INFOPLIST_KEY_UIApplicationSupportsIndirectInputEvents = YES;
				INFOPLIST_KEY_UILaunchStoryboardName = LaunchScreen;
				INFOPLIST_KEY_UISupportedInterfaceOrientations_iPad = "UIInterfaceOrientationPortrait UIInterfaceOrientationPortraitUpsideDown UIInterfaceOrientationLandscapeLeft UIInterfaceOrientationLandscapeRight";
				INFOPLIST_KEY_UISupportedInterfaceOrientations_iPhone = "UIInterfaceOrientationPortrait UIInterfaceOrientationLandscapeLeft UIInterfaceOrientationLandscapeRight";
				LD_RUNPATH_SEARCH_PATHS = (
					"$(inherited)",
					"@executable_path/Frameworks",
				);
				MARKETING_VERSION = 1.0;
				PRODUCT_BUNDLE_IDENTIFIER = SebastianHajduk.MyBoxer;
				PRODUCT_NAME = "$(TARGET_NAME)";
				SWIFT_EMIT_LOC_STRINGS = YES;
				SWIFT_VERSION = 5.0;
				TARGETED_DEVICE_FAMILY = "1,2";
			};
			name = Debug;
		};
		605BD50028DB5FA60026C185 /* Release */ = {
			isa = XCBuildConfiguration;
			buildSettings = {
				ASSETCATALOG_COMPILER_APPICON_NAME = AppIcon;
				ASSETCATALOG_COMPILER_GLOBAL_ACCENT_COLOR_NAME = AccentColor;
				CODE_SIGN_STYLE = Automatic;
				CURRENT_PROJECT_VERSION = 1;
				DEVELOPMENT_TEAM = 9AWGRVU6P9;
				GENERATE_INFOPLIST_FILE = YES;
				INFOPLIST_FILE = MyBoxer/Info.plist;
				INFOPLIST_KEY_UIApplicationSupportsIndirectInputEvents = YES;
				INFOPLIST_KEY_UILaunchStoryboardName = LaunchScreen;
				INFOPLIST_KEY_UISupportedInterfaceOrientations_iPad = "UIInterfaceOrientationPortrait UIInterfaceOrientationPortraitUpsideDown UIInterfaceOrientationLandscapeLeft UIInterfaceOrientationLandscapeRight";
				INFOPLIST_KEY_UISupportedInterfaceOrientations_iPhone = "UIInterfaceOrientationPortrait UIInterfaceOrientationLandscapeLeft UIInterfaceOrientationLandscapeRight";
				LD_RUNPATH_SEARCH_PATHS = (
					"$(inherited)",
					"@executable_path/Frameworks",
				);
				MARKETING_VERSION = 1.0;
				PRODUCT_BUNDLE_IDENTIFIER = SebastianHajduk.MyBoxer;
				PRODUCT_NAME = "$(TARGET_NAME)";
				SWIFT_EMIT_LOC_STRINGS = YES;
				SWIFT_VERSION = 5.0;
				TARGETED_DEVICE_FAMILY = "1,2";
			};
			name = Release;
		};
/* End XCBuildConfiguration section */

/* Begin XCConfigurationList section */
		605BD4E528DB5F9D0026C185 /* Build configuration list for PBXProject "MyBoxer" */ = {
			isa = XCConfigurationList;
			buildConfigurations = (
				605BD4FC28DB5FA60026C185 /* Debug */,
				605BD4FD28DB5FA60026C185 /* Release */,
			);
			defaultConfigurationIsVisible = 0;
			defaultConfigurationName = Release;
		};
		605BD4FE28DB5FA60026C185 /* Build configuration list for PBXNativeTarget "MyBoxer" */ = {
			isa = XCConfigurationList;
			buildConfigurations = (
				605BD4FF28DB5FA60026C185 /* Debug */,
				605BD50028DB5FA60026C185 /* Release */,
			);
			defaultConfigurationIsVisible = 0;
			defaultConfigurationName = Release;
		};
/* End XCConfigurationList section */

/* Begin XCLocalSwiftPackageReference section */
		60F357682B60360300C51F94 /* XCLocalSwiftPackageReference "DesignSystem" */ = {
			isa = XCLocalSwiftPackageReference;
			relativePath = DesignSystem;
		};
/* End XCLocalSwiftPackageReference section */

/* Begin XCSwiftPackageProductDependency section */
		60F357692B60360300C51F94 /* DesignSystem */ = {
			isa = XCSwiftPackageProductDependency;
			productName = DesignSystem;
		};
/* End XCSwiftPackageProductDependency section */
	};
	rootObject = 605BD4E228DB5F9D0026C185 /* Project object */;
}
